
Microsoft Visual Studio Solution File, Format Version 12.00
# Visual Studio Version 17
VisualStudioVersion = 17.1.32319.34
MinimumVisualStudioVersion = 10.0.40219.1
Project("{8BC9CEB8-8B4A-11D0-8D11-00A0C91BC942}") = "sapinative", "src\main\jni\sapinative\sapinative.vcxproj", "{161FEC8C-CF12-4F78-A869-A26A98EB2640}"
EndProject
Project("{2150E333-8FDC-42A3-9474-1A3956D46DE8}") = "Solution Items", "Solution Items", "{926E1B1E-02B8-42C2-818B-DA7A30001C5F}"
	ProjectSection(SolutionItems) = preProject
		README.md = README.md
	EndProjectSection
EndProject
Global
	GlobalSection(SolutionConfigurationPlatforms) = preSolution
		Debug|ARM = Debug|ARM
		Debug|ARM64 = Debug|ARM64
		Debug|x64 = Debug|x64
		Debug|x86 = Debug|x86
		Release|ARM = Release|ARM
		Release|ARM64 = Release|ARM64
		Release|x64 = Release|x64
		Release|x86 = Release|x86
	EndGlobalSection
	GlobalSection(ProjectConfigurationPlatforms) = postSolution
		{161FEC8C-CF12-4F78-A869-A26A98EB2640}.Debug|ARM.ActiveCfg = Debug|Win32
		{161FEC8C-CF12-4F78-A869-A26A98EB2640}.Debug|ARM64.ActiveCfg = Debug|Win32
		{161FEC8C-CF12-4F78-A869-A26A98EB2640}.Debug|x64.ActiveCfg = Debug|x64
		{161FEC8C-CF12-4F78-A869-A26A98EB2640}.Debug|x64.Build.0 = Debug|x64
		{161FEC8C-CF12-4F78-A869-A26A98EB2640}.Debug|x86.ActiveCfg = Debug|Win32
		{161FEC8C-CF12-4F78-A869-A26A98EB2640}.Debug|x86.Build.0 = Debug|Win32
		{161FEC8C-CF12-4F78-A869-A26A98EB2640}.Release|ARM.ActiveCfg = Release|Win32
		{161FEC8C-CF12-4F78-A869-A26A98EB2640}.Release|ARM64.ActiveCfg = Release|Win32
		{161FEC8C-CF12-4F78-A869-A26A98EB2640}.Release|x64.ActiveCfg = Release|x64
		{161FEC8C-CF12-4F78-A869-A26A98EB2640}.Release|x64.Build.0 = Release|x64
		{161FEC8C-CF12-4F78-A869-A26A98EB2640}.Release|x86.ActiveCfg = Release|Win32
		{161FEC8C-CF12-4F78-A869-A26A98EB2640}.Release|x86.Build.0 = Release|Win32
	EndGlobalSection
	GlobalSection(SolutionProperties) = preSolution
		HideSolutionNode = FALSE
	EndGlobalSection
	GlobalSection(ExtensibilityGlobals) = postSolution
		SolutionGuid = {7891BFE5-C03C-43A4-98A8-C04F168E0A2B}
	EndGlobalSection
EndGlobal
