github.com/bertfrees/blackterm v0.0.0-20230119134958-9d34cff72a06 h1:ZoZMkn+v1qc5xDrn7B49PcPAGdKnn4jxTRYgflIIgLE=
github.com/bertfrees/blackterm v0.0.0-20230119134958-9d34cff72a06/go.mod h1:e9j/pnJ55+THF/WHkKhkE7qvQZEWX6AaDTKdGvjxj8o=
github.com/bertfrees/go-subcommand v0.0.0-20230119135135-b5e2f5321a24 h1:9GB9YMVkLpA95j9cnZmSHfOLpCvprEnU5vXDGz8QYq4=
github.com/bertfrees/go-subcommand v0.0.0-20230119135135-b5e2f5321a24/go.mod h1:urpfG4WXsCeGCwnQ4FRHQUbNk15zDYAjMzSQFSXBRmo=
github.com/capitancambio/chalk v0.0.0-20160127153406-9dc2af224a17 h1:6S9Ay6E27jv+ZZb3VCuifzFyvxSWrrk0KCU+dejxBdU=
github.com/capitancambio/chalk v0.0.0-20160127153406-9dc2af224a17/go.mod h1:p3Kfv6pT5RQC2hvn3BsSKJuA4BoJpngqFCqhWAGM4B8=
github.com/capitancambio/restclient v0.0.0-20150219172137-547c7b5e0857 h1:JjwRXa3o5gw+dan9/1omS0Uc5zZCllXcwzoqC3Ns13A=
github.com/capitancambio/restclient v0.0.0-20150219172137-547c7b5e0857/go.mod h1:vKGyQZIyL/Ryo5QkEXw1xQIaLiJ/h/wionfFdXLc+5o=
github.com/daisy/pipeline-clientlib-go v0.0.0-20200427151931-aad11eb63a65 h1:9/5fuP+lIM7KgFs3aMInV8LABZIZH2cjn/lUr2WNxaM=
github.com/daisy/pipeline-clientlib-go v0.0.0-20200427151931-aad11eb63a65/go.mod h1:EqAuNzs3I84oUiMMlo787kGYRaNKozEPMfThpfj+sW8=
github.com/hashicorp/go-version v1.0.0 h1:21MVWPKDphxa7ineQQTrCU5brh7OuVVAzGOCnnCPtE8=
github.com/hashicorp/go-version v1.0.0/go.mod h1:fltr4n8CU8Ke44wwGCBoEymUuxUHl09ZGVZPK5anwXA=
github.com/kardianos/osext v0.0.0-20190222173326-2bc1f35cddc0 h1:iQTw/8FWTuc7uiaSepXwyf3o52HaUYcV+Tu66S3F5GA=
github.com/kardianos/osext v0.0.0-20190222173326-2bc1f35cddc0/go.mod h1:1NbS8ALrpOvjt0rHPNLyCIeMtbizbir8U//inJ+zuB8=
github.com/mattn/goveralls v0.0.11 h1:eJXea6R6IFlL1QMKNMzDvvHv/hwGrnvyig4N+0+XiMM=
github.com/mattn/goveralls v0.0.11/go.mod h1:gU8SyhNswsJKchEV93xRQxX6X3Ei4PJdQk/6ZHvrvRk=
github.com/mitchellh/gox v1.0.1 h1:x0jD3dcHk9a9xPSDN6YEL4xL6Qz0dvNYm8yZqui5chI=
github.com/mitchellh/gox v1.0.1/go.mod h1:ED6BioOGXMswlXa2zxfh/xdd5QhwYliBFn9V18Ap4z4=
github.com/mitchellh/iochan v1.0.0 h1:C+X3KsSTLFVBr/tK1eYN/vs4rJcvsiLU338UhYPJWeY=
github.com/mitchellh/iochan v1.0.0/go.mod h1:JwYml1nuB7xOzsp52dPpHFffvOCDupsG0QubkSMEySY=
github.com/russross/blackfriday v1.6.0 h1:KqfZb0pUVN2lYqZUYRddxF4OR8ZMURnJIG5Y3VRLtww=
github.com/russross/blackfriday v1.6.0/go.mod h1:ti0ldHuxg49ri4ksnFxlkCfN+hvslNlmVHqNRXXJNAY=
golang.org/x/mod v0.7.0 h1:LapD9S96VoQRhi/GrNTqeBJFrUjs5UHCAtTlgwA5oZA=
golang.org/x/mod v0.7.0/go.mod h1:iBbtSCu2XBx23ZKBPSOrRkjjQPZFPuis4dIYUhu/chs=
golang.org/x/tools v0.5.0 h1:+bSpV5HIeWkuvgaMfI3UmKRThoTA5ODJTUd8T17NO+4=
golang.org/x/tools v0.5.0/go.mod h1:N+Kgy78s5I24c24dU8OfWNEotWjutIs8SnJvn5IDq+k=
launchpad.net/goyaml v0.0.0-20140305200416-000000000051 h1:pgtOxpWGtZwl5VEGtXB3s+VPsO3QzsZPg4/AS0Ag9HI=
launchpad.net/goyaml v0.0.0-20140305200416-000000000051/go.mod h1:HivH2TsqnIPviNUySFrCE+pbgbJCjrnMj2QH74o4y+w=
